PODS:
  - CocoaAsyncSocket (7.6.2)
  - EzHTTP (3.1.8):
    - CocoaAsyncSocket

DEPENDENCIES:
  - EzHTTP (from `../`)

EXTERNAL SOURCES:
  EzHTTP:
    :path: ../

SPEC CHECKSUMS:
  CocoaAsyncSocket: 3541e024f48c54b251638ef72d51dd42808de932
  EzHTTP: 992089cf20f742912c54d3f103122b5194bdafb7

PODFILE CHECKSUM: cd2f40b5c2733d7790a0dcf3dd029530e31eedfd

COCOAPODS: 1.4.0
