PODS:
  - CocoaAsyncSocket (7.6.0)
  - EzHTTP (3.1.0):
    - CocoaAsyncSocket

DEPENDENCIES:
  - EzHTTP (from `../`)

EXTERNAL SOURCES:
  EzHTTP:
    :path: "../"

SPEC CHECKSUMS:
  CocoaAsyncSocket: b9d5589f07baf9de8f34cc25abd4fcba28f13805
  EzHTTP: fbe7db41c6c1e88e7a8f277c554a8c504872d278

PODFILE CHECKSUM: cd2f40b5c2733d7790a0dcf3dd029530e31eedfd

COCOAPODS: 1.2.0
