PODS:
  - CocoaAsyncSocket (7.6.1)
  - EzHTTP (3.1.2):
    - CocoaAsyncSocket

DEPENDENCIES:
  - EzHTTP (from `../`)

EXTERNAL SOURCES:
  EzHTTP:
    :path: "../"

SPEC CHECKSUMS:
  CocoaAsyncSocket: 7eadd3f59e1a6c84e2aefc93e9ff7b55156fe174
  EzHTTP: 6d3334ae2b14331b45ff0864a2b376eddb8cac4c

PODFILE CHECKSUM: cd2f40b5c2733d7790a0dcf3dd029530e31eedfd

COCOAPODS: 1.2.1
